uuid: d67a65af-90b1-4ae1-ac82-d179f0171baf
langcode: en
status: true
dependencies:
  module:
    - system
    - tufting_customization
  theme:
    - tufting
id: tufting_homeeventsblock
theme: tufting
region: content
weight: -10
provider: null
plugin: tufting_customization_events
settings:
  id: tufting_customization_events
  label: 'Home Events Block'
  label_display: '0'
  provider: tufting_customization
visibility:
  request_path:
    id: request_path
    negate: false
    pages: /home
